
Microsoft Visual Studio Solution File, Format Version 12.00
# Visual Studio Version 16
VisualStudioVersion = 16.0.29920.165
MinimumVisualStudioVersion = 10.0.40219.1
Project("{FAE04EC0-301F-11D3-BF4B-00C04F79EFBC}") = "MiCalculadora", "MiCalculadora.csproj", "{20A8C348-B388-4F4E-A3E0-1BA633444F57}"
EndProject
Project("{FAE04EC0-301F-11D3-BF4B-00C04F79EFBC}") = "Entidades", "..\Entidades\Entidades.csproj", "{BF41B188-A7CB-42C7-88C4-5110A2F749F3}"
EndProject
Global
	GlobalSection(SolutionConfigurationPlatforms) = preSolution
		Debug|Any CPU = Debug|Any CPU
		Release|Any CPU = Release|Any CPU
	EndGlobalSection
	GlobalSection(ProjectConfigurationPlatforms) = postSolution
		{20A8C348-B388-4F4E-A3E0-1BA633444F57}.Debug|Any CPU.ActiveCfg = Debug|Any CPU
		{20A8C348-B388-4F4E-A3E0-1BA633444F57}.Debug|Any CPU.Build.0 = Debug|Any CPU
		{20A8C348-B388-4F4E-A3E0-1BA633444F57}.Release|Any CPU.ActiveCfg = Release|Any CPU
		{20A8C348-B388-4F4E-A3E0-1BA633444F57}.Release|Any CPU.Build.0 = Release|Any CPU
		{BF41B188-A7CB-42C7-88C4-5110A2F749F3}.Debug|Any CPU.ActiveCfg = Debug|Any CPU
		{BF41B188-A7CB-42C7-88C4-5110A2F749F3}.Debug|Any CPU.Build.0 = Debug|Any CPU
		{BF41B188-A7CB-42C7-88C4-5110A2F749F3}.Release|Any CPU.ActiveCfg = Release|Any CPU
		{BF41B188-A7CB-42C7-88C4-5110A2F749F3}.Release|Any CPU.Build.0 = Release|Any CPU
	EndGlobalSection
	GlobalSection(SolutionProperties) = preSolution
		HideSolutionNode = FALSE
	EndGlobalSection
	GlobalSection(ExtensibilityGlobals) = postSolution
		SolutionGuid = {32E934ED-518B-45C4-8066-960DFACF29B2}
	EndGlobalSection
EndGlobal
